
Microsoft Visual Studio Solution File, Format Version 12.00
# Visual Studio Version 16
VisualStudioVersion = 16.0.29306.81
MinimumVisualStudioVersion = 10.0.40219.1
Project("{FAE04EC0-301F-11D3-BF4B-00C04F79EFBC}") = "20190927", "20190927\20190927.csproj", "{EBC918C1-6A35-4121-A4FB-09C7244E2F61}"
EndProject
Global
	GlobalSection(SolutionConfigurationPlatforms) = preSolution
		Debug|Any CPU = Debug|Any CPU
		Release|Any CPU = Release|Any CPU
	EndGlobalSection
	GlobalSection(ProjectConfigurationPlatforms) = postSolution
		{EBC918C1-6A35-4121-A4FB-09C7244E2F61}.Debug|Any CPU.ActiveCfg = Debug|Any CPU
		{EBC918C1-6A35-4121-A4FB-09C7244E2F61}.Debug|Any CPU.Build.0 = Debug|Any CPU
		{EBC918C1-6A35-4121-A4FB-09C7244E2F61}.Release|Any CPU.ActiveCfg = Release|Any CPU
		{EBC918C1-6A35-4121-A4FB-09C7244E2F61}.Release|Any CPU.Build.0 = Release|Any CPU
	EndGlobalSection
	GlobalSection(SolutionProperties) = preSolution
		HideSolutionNode = FALSE
	EndGlobalSection
	GlobalSection(ExtensibilityGlobals) = postSolution
		SolutionGuid = {AC293DA7-9B55-4AA3-903E-CDAD28C5115A}
	EndGlobalSection
EndGlobal
